
Microsoft Visual Studio Solution File, Format Version 12.00
# Visual Studio 15
VisualStudioVersion = 15.0.28010.2046
MinimumVisualStudioVersion = 10.0.40219.1
Project("{FAE04EC0-301F-11D3-BF4B-00C04F79EFBC}") = "BattleWithMonsters", "BattleWithMonsters.csproj", "{FE5627E6-EAFE-4DA7-BE42-9E60F80F4812}"
EndProject
Global
	GlobalSection(SolutionConfigurationPlatforms) = preSolution
		Debug|Any CPU = Debug|Any CPU
		Release|Any CPU = Release|Any CPU
	EndGlobalSection
	GlobalSection(ProjectConfigurationPlatforms) = postSolution
		{FE5627E6-EAFE-4DA7-BE42-9E60F80F4812}.Debug|Any CPU.ActiveCfg = Debug|Any CPU
		{FE5627E6-EAFE-4DA7-BE42-9E60F80F4812}.Debug|Any CPU.Build.0 = Debug|Any CPU
		{FE5627E6-EAFE-4DA7-BE42-9E60F80F4812}.Release|Any CPU.ActiveCfg = Release|Any CPU
		{FE5627E6-EAFE-4DA7-BE42-9E60F80F4812}.Release|Any CPU.Build.0 = Release|Any CPU
	EndGlobalSection
	GlobalSection(SolutionProperties) = preSolution
		HideSolutionNode = FALSE
	EndGlobalSection
	GlobalSection(ExtensibilityGlobals) = postSolution
		SolutionGuid = {98D5E6D1-ECD8-4D59-A2BF-1A72CD4FBF2D}
	EndGlobalSection
EndGlobal
